lockfileVersion: '9.0'

settings:
  autoInstallPeers: true
  excludeLinksFromLockfile: false

importers:

  .:
    dependencies:
      uuidv7:
        specifier: ^1.2.1
        version: 1.2.1

packages:

  uuidv7@1.2.1:
    resolution: {integrity: sha512-4kPkK3/XTQW9Hbm4CaqfICn+kY9LJtDVEOfgsRRra/+n2Ofg4NqzRFceAkxvQ/Ud/6BpHOPzj8cirqM7TzTN5Q==}
    hasBin: true

snapshots:

  uuidv7@1.2.1: {}
